GEM
  remote: https://rubygems.org/
  specs:
    activemodel (8.1.3)
      activesupport (= 8.1.3)
    activesupport (8.1.3)
      base64
      bigdecimal
      concurrent-ruby (~> 1.0, >= 1.3.1)
      connection_pool (>= 2.2.5)
      drb
      i18n (>= 1.6, < 2)
      json
      logger (>= 1.4.2)
      minitest (>= 5.1)
      securerandom (>= 0.3)
      tzinfo (~> 2.0, >= 2.0.5)
      uri (>= 0.13.1)
    addressable (2.9.0)
      public_suffix (>= 2.0.2, < 8.0)
    base64 (0.3.0)
    bigdecimal (4.1.1)
    concurrent-ruby (1.3.6)
    connection_pool (3.0.2)
    dotenv (3.2.0)
    drb (2.2.3)
    event_stream_parser (1.0.0)
    faraday (2.14.1)
      faraday-net_http (>= 2.0, < 3.5)
      json
      logger
    faraday-multipart (1.2.0)
      multipart-post (~> 2.0)
    faraday-net_http (3.4.2)
      net-http (~> 0.5)
    hashie (5.1.0)
      logger
    i18n (1.14.8)
      concurrent-ruby (~> 1.0)
    json (2.19.3)
    logger (1.7.0)
    mime-types (3.7.0)
      logger
      mime-types-data (~> 3.2025, >= 3.2025.0507)
    mime-types-data (3.2026.0331)
    minitest (6.0.3)
      drb (~> 2.0)
      prism (~> 1.5)
    multipart-post (2.4.1)
    net-http (0.9.1)
      uri (>= 0.11.1)
    oauth (1.1.3)
      base64 (~> 0.1)
      oauth-tty (~> 1.0, >= 1.0.6)
      snaky_hash (~> 2.0)
      version_gem (~> 1.1, >= 1.1.9)
    oauth-tty (1.0.6)
      version_gem (~> 1.1, >= 1.1.9)
    prism (1.9.0)
    public_suffix (7.0.5)
    ruby-openai (8.3.0)
      event_stream_parser (>= 0.3.0, < 2.0.0)
      faraday (>= 1)
      faraday-multipart (>= 1)
    ruby-trello (4.2.0)
      activemodel (>= 6.0.0)
      addressable (~> 2.3)
      faraday (~> 2.0)
      faraday-multipart (~> 1.0)
      json (>= 2.3.0)
      mime-types (>= 3.0, < 4.0)
      oauth (>= 0.4.5)
    securerandom (0.4.1)
    snaky_hash (2.0.3)
      hashie (>= 0.1.0, < 6)
      version_gem (>= 1.1.8, < 3)
    tzinfo (2.0.6)
      concurrent-ruby (~> 1.0)
    uri (1.1.1)
    version_gem (1.1.9)

PLATFORMS
  arm64-darwin-25
  ruby

DEPENDENCIES
  dotenv
  ruby-openai
  ruby-trello

CHECKSUMS
  activemodel (8.1.3) sha256=90c05cbe4cef3649b8f79f13016191ea94c4525ce4a5c0fb7ef909c4b91c8219
  activesupport (8.1.3) sha256=21a5e0dfbd4c3ddd9e1317ec6a4d782fa226e7867dc70b0743acda81a1dca20e
  addressable (2.9.0) sha256=7fdf6ac3660f7f4e867a0838be3f6cf722ace541dd97767fa42bc6cfa980c7af
  base64 (0.3.0) sha256=27337aeabad6ffae05c265c450490628ef3ebd4b67be58257393227588f5a97b
  bigdecimal (4.1.1) sha256=1c09efab961da45203c8316b0cdaec0ff391dfadb952dd459584b63ebf8054ca
  concurrent-ruby (1.3.6) sha256=6b56837e1e7e5292f9864f34b69c5a2cbc75c0cf5338f1ce9903d10fa762d5ab
  connection_pool (3.0.2) sha256=33fff5ba71a12d2aa26cb72b1db8bba2a1a01823559fb01d29eb74c286e62e0a
  dotenv (3.2.0) sha256=e375b83121ea7ca4ce20f214740076129ab8514cd81378161f11c03853fe619d
  drb (2.2.3) sha256=0b00d6fdb50995fe4a45dea13663493c841112e4068656854646f418fda13373
  event_stream_parser (1.0.0) sha256=a2683bab70126286f8184dc88f7968ffc4028f813161fb073ec90d171f7de3c8
  faraday (2.14.1) sha256=a43cceedc1e39d188f4d2cdd360a8aaa6a11da0c407052e426ba8d3fb42ef61c
  faraday-multipart (1.2.0) sha256=7d89a949693714176f612323ca13746a2ded204031a6ba528adee788694ef757
  faraday-net_http (3.4.2) sha256=f147758260d3526939bf57ecf911682f94926a3666502e24c69992765875906c
  hashie (5.1.0) sha256=c266471896f323c446ea8207f8ffac985d2718df0a0ba98651a3057096ca3870
  i18n (1.14.8) sha256=285778639134865c5e0f6269e0b818256017e8cde89993fdfcbfb64d088824a5
  json (2.19.3) sha256=289b0bb53052a1fa8c34ab33cc750b659ba14a5c45f3fcf4b18762dc67c78646
  logger (1.7.0) sha256=196edec7cc44b66cfb40f9755ce11b392f21f7967696af15d274dde7edff0203
  mime-types (3.7.0) sha256=dcebf61c246f08e15a4de34e386ebe8233791e868564a470c3fe77c00eed5e56
  mime-types-data (3.2026.0331) sha256=e9942b1fac72532e2b201b0c32c52e7650ef5ef8ca043a5054674597795c97a5
  minitest (6.0.3) sha256=88ac8a1de36c00692420e7cb3cc11a0773bbcb126aee1c249f320160a7d11411
  multipart-post (2.4.1) sha256=9872d03a8e552020ca096adadbf5e3cb1cd1cdd6acd3c161136b8a5737cdb4a8
  net-http (0.9.1) sha256=25ba0b67c63e89df626ed8fac771d0ad24ad151a858af2cc8e6a716ca4336996
  oauth (1.1.3) sha256=71ca1b534561bf31a9b2aee01147384064b555e796d1a0fe2591806bb4bdd633
  oauth-tty (1.0.6) sha256=9e8bd1861d367cce18318d8f214f2e1a1d7cb3898de0a9ea79162b4fdecb3152
  prism (1.9.0) sha256=7b530c6a9f92c24300014919c9dcbc055bf4cdf51ec30aed099b06cd6674ef85
  public_suffix (7.0.5) sha256=1a8bb08f1bbea19228d3bed6e5ed908d1cb4f7c2726d18bd9cadf60bc676f623
  ruby-openai (8.3.0) sha256=566dc279c42f4afed68a7a363dce2e594078abfc36b4e043102020b9a387ca69
  ruby-trello (4.2.0) sha256=4fa06b9ac053a3db33af9a5103d6e2e765bb9e777982281ca5ded4a64cecd6ff
  securerandom (0.4.1) sha256=cc5193d414a4341b6e225f0cb4446aceca8e50d5e1888743fac16987638ea0b1
  snaky_hash (2.0.3) sha256=25a3d299566e8153fb02fa23fd9a9358845950f7a523ddbbe1fa1e0d79a6d456
  tzinfo (2.0.6) sha256=8daf828cc77bcf7d63b0e3bdb6caa47e2272dcfaf4fbfe46f8c3a9df087a829b
  uri (1.1.1) sha256=379fa58d27ffb1387eaada68c749d1426738bd0f654d812fcc07e7568f5c57c6
  version_gem (1.1.9) sha256=0c1a0962ae543c84a00889bb018d9f14d8f8af6029d26b295d98774e3d2eb9a4

BUNDLED WITH
  4.0.3
